
Microsoft Visual Studio Solution File, Format Version 12.00
# Visual Studio Version 17
VisualStudioVersion = 17.11.35312.102
MinimumVisualStudioVersion = 10.0.40219.1
Project("{2150E333-8FDC-42A3-9474-1A3956D46DE8}") = "Solution Items", "Solution Items", "{DEFC860E-1CE2-4CE1-85F4-E1B176B957DE}"
	ProjectSection(SolutionItems) = preProject
		N Layer.txt = N Layer.txt
	EndProjectSection
EndProject
Project("{FAE04EC0-301F-11D3-BF4B-00C04F79EFBC}") = "App.Repositories", "Repositories\App.Repositories.csproj", "{C1B337E4-F7D2-452F-961D-D90DEA7DF290}"
EndProject
Project("{FAE04EC0-301F-11D3-BF4B-00C04F79EFBC}") = "App.Service", "Service\App.Service.csproj", "{B32C3326-A710-4AE0-A84C-7711CE6878CA}"
EndProject
Project("{FAE04EC0-301F-11D3-BF4B-00C04F79EFBC}") = "App.API", "App.API\App.API.csproj", "{87EA036D-1D91-4F9A-B5AE-BE7AD061AD92}"
EndProject
Global
	GlobalSection(SolutionConfigurationPlatforms) = preSolution
		Debug|Any CPU = Debug|Any CPU
		Release|Any CPU = Release|Any CPU
	EndGlobalSection
	GlobalSection(ProjectConfigurationPlatforms) = postSolution
		{C1B337E4-F7D2-452F-961D-D90DEA7DF290}.Debug|Any CPU.ActiveCfg = Debug|Any CPU
		{C1B337E4-F7D2-452F-961D-D90DEA7DF290}.Debug|Any CPU.Build.0 = Debug|Any CPU
		{C1B337E4-F7D2-452F-961D-D90DEA7DF290}.Release|Any CPU.ActiveCfg = Release|Any CPU
		{C1B337E4-F7D2-452F-961D-D90DEA7DF290}.Release|Any CPU.Build.0 = Release|Any CPU
		{B32C3326-A710-4AE0-A84C-7711CE6878CA}.Debug|Any CPU.ActiveCfg = Debug|Any CPU
		{B32C3326-A710-4AE0-A84C-7711CE6878CA}.Debug|Any CPU.Build.0 = Debug|Any CPU
		{B32C3326-A710-4AE0-A84C-7711CE6878CA}.Release|Any CPU.ActiveCfg = Release|Any CPU
		{B32C3326-A710-4AE0-A84C-7711CE6878CA}.Release|Any CPU.Build.0 = Release|Any CPU
		{87EA036D-1D91-4F9A-B5AE-BE7AD061AD92}.Debug|Any CPU.ActiveCfg = Debug|Any CPU
		{87EA036D-1D91-4F9A-B5AE-BE7AD061AD92}.Debug|Any CPU.Build.0 = Debug|Any CPU
		{87EA036D-1D91-4F9A-B5AE-BE7AD061AD92}.Release|Any CPU.ActiveCfg = Release|Any CPU
		{87EA036D-1D91-4F9A-B5AE-BE7AD061AD92}.Release|Any CPU.Build.0 = Release|Any CPU
	EndGlobalSection
	GlobalSection(SolutionProperties) = preSolution
		HideSolutionNode = FALSE
	EndGlobalSection
	GlobalSection(ExtensibilityGlobals) = postSolution
		SolutionGuid = {48DA54FC-20EC-4793-9378-7C8A6E854604}
	EndGlobalSection
EndGlobal
